
Microsoft Visual Studio Solution File, Format Version 12.00
# Visual Studio 15
VisualStudioVersion = 15.0.27428.2011
MinimumVisualStudioVersion = 10.0.40219.1
Project("{FAE04EC0-301F-11D3-BF4B-00C04F79EFBC}") = "Smart Certificate KeyProvider", "Smart Certificate KeyProvider.csproj", "{1FBC0E45-0C76-4346-967B-10D681FB712E}"
EndProject
Global
	GlobalSection(SolutionConfigurationPlatforms) = preSolution
		Debug|Any CPU = Debug|Any CPU
		Release|Any CPU = Release|Any CPU
	EndGlobalSection
	GlobalSection(ProjectConfigurationPlatforms) = postSolution
		{1FBC0E45-0C76-4346-967B-10D681FB712E}.Debug|Any CPU.ActiveCfg = Debug|Any CPU
		{1FBC0E45-0C76-4346-967B-10D681FB712E}.Debug|Any CPU.Build.0 = Debug|Any CPU
		{1FBC0E45-0C76-4346-967B-10D681FB712E}.Release|Any CPU.ActiveCfg = Release|Any CPU
		{1FBC0E45-0C76-4346-967B-10D681FB712E}.Release|Any CPU.Build.0 = Release|Any CPU
	EndGlobalSection
	GlobalSection(SolutionProperties) = preSolution
		HideSolutionNode = FALSE
	EndGlobalSection
	GlobalSection(ExtensibilityGlobals) = postSolution
		SolutionGuid = {64073041-BC63-42BE-87C8-EF9339632EC6}
	EndGlobalSection
EndGlobal
